
Microsoft Visual Studio Solution File, Format Version 12.00
# Visual Studio 15
VisualStudioVersion = 15.0.28307.271
MinimumVisualStudioVersion = 10.0.40219.1
Project("{FAE04EC0-301F-11D3-BF4B-00C04F79EFBC}") = "asyncawait", "asyncawait\asyncawait.csproj", "{6E53E632-94D5-4A10-805B-3305B4AA6A70}"
EndProject
Project("{2150E333-8FDC-42A3-9474-1A3956D46DE8}") = "Solution Items", "Solution Items", "{A00C795B-837E-4DCA-9D70-FEADF451BFCC}"
	ProjectSection(SolutionItems) = preProject
		readme.md = readme.md
	EndProjectSection
EndProject
Global
	GlobalSection(SolutionConfigurationPlatforms) = preSolution
		Debug|Any CPU = Debug|Any CPU
		Release|Any CPU = Release|Any CPU
	EndGlobalSection
	GlobalSection(ProjectConfigurationPlatforms) = postSolution
		{6E53E632-94D5-4A10-805B-3305B4AA6A70}.Debug|Any CPU.ActiveCfg = Debug|Any CPU
		{6E53E632-94D5-4A10-805B-3305B4AA6A70}.Debug|Any CPU.Build.0 = Debug|Any CPU
		{6E53E632-94D5-4A10-805B-3305B4AA6A70}.Release|Any CPU.ActiveCfg = Release|Any CPU
		{6E53E632-94D5-4A10-805B-3305B4AA6A70}.Release|Any CPU.Build.0 = Release|Any CPU
	EndGlobalSection
	GlobalSection(SolutionProperties) = preSolution
		HideSolutionNode = FALSE
	EndGlobalSection
	GlobalSection(ExtensibilityGlobals) = postSolution
		SolutionGuid = {5E7F5EDA-3A2C-498B-860E-D293E82D8FA3}
	EndGlobalSection
EndGlobal
